{
    "name": "HybridLocalTemplate",
    "version": "0.0.1",
    "lockfileVersion": 1,
    "requires": true,
    "dependencies": {
        "ratchet-npm": {
            "version": "2.0.4",
            "resolved": "https://registry.npmjs.org/ratchet-npm/-/ratchet-npm-2.0.4.tgz",
            "integrity": "sha1-wNFqraktPHha7XGlcl+HtaW4BKY="
        }
    }
}
