// !$*UTF8*$!
{
	archiveVersion = 1;
	classes = {
	};
	objectVersion = 46;
	objects = {

/* Begin PBXBuildFile section */
		07965154FA3C44CAA0D1DFB7 /* libCocoaLumberjack.a in Frameworks */ = {isa = PBXBuildFile; fileRef = EF3FF2AE200B4924923A465A /* libCocoaLumberjack.a */; };
		082725897AB14B298467D056 /* QuartzCore.framework in Frameworks */ = {isa = PBXBuildFile; fileRef = FAE7D1E5FEF740628F1F4E1F /* QuartzCore.framework */; settings = {ATTRIBUTES = (Weak, ); }; };
		09FF055D6E3D496B87060A40 /* CDVWKWebViewUIDelegate.m in Sources */ = {isa = PBXBuildFile; fileRef = B2D7289B33BA4B1088B0A411 /* CDVWKWebViewUIDelegate.m */; };
		1321997A849D4CB68F64E20F /* CDVSplashScreen.m in Sources */ = {isa = PBXBuildFile; fileRef = 331B453382804E71B48F24C6 /* CDVSplashScreen.m */; };
		13B5DA8A580B4E2CB16185ED /* InitialViewController.m in Sources */ = {isa = PBXBuildFile; fileRef = 2E295225B8284DF59BC039B2 /* InitialViewController.m */; };
		178D127040D04944B33652DF /* SalesforceSDKAssets.xcassets in Resources */ = {isa = PBXBuildFile; fileRef = 997F83250E834BEFBD6B52FE /* SalesforceSDKAssets.xcassets */; };
		1D3623260D0F684500981E51 /* AppDelegate.m in Sources */ = {isa = PBXBuildFile; fileRef = 1D3623250D0F684500981E51 /* AppDelegate.m */; };
		1D60589B0D05DD56006BFB54 /* main.m in Sources */ = {isa = PBXBuildFile; fileRef = 29B97316FDCFA39411CA2CEA /* main.m */; };
		1FD51120A26C47D6A1A1B94D /* CoreLocation.framework in Frameworks */ = {isa = PBXBuildFile; fileRef = 4F14D2AC66E5452682526647 /* CoreLocation.framework */; settings = {ATTRIBUTES = (Weak, ); }; };
		29CAA9AEAE8B43219E29290B /* AppDelegate+notification.m in Sources */ = {isa = PBXBuildFile; fileRef = ED3202C1F68C4684AF391765 /* AppDelegate+notification.m */; };
		2B6868F2469D43BBBE2C5391 /* PushPlugin.m in Sources */ = {isa = PBXBuildFile; fileRef = A3ED0EB02D62416DBB8CE3AC /* PushPlugin.m */; };
		2F6C94F6D7244FBE92EC356C /* AddressBookUI.framework in Frameworks */ = {isa = PBXBuildFile; fileRef = 7B472886DF7B4C19B59AF15F /* AddressBookUI.framework */; settings = {ATTRIBUTES = (Weak, ); }; };
		301BF552109A68D80062928A /* libCordova.a in Frameworks */ = {isa = PBXBuildFile; fileRef = 301BF535109A57CC0062928A /* libCordova.a */; };
		302D95F114D2391D003F00A1 /* MainViewController.m in Sources */ = {isa = PBXBuildFile; fileRef = 302D95EF14D2391D003F00A1 /* MainViewController.m */; };
		302D95F214D2391D003F00A1 /* MainViewController.xib in Resources */ = {isa = PBXBuildFile; fileRef = 302D95F014D2391D003F00A1 /* MainViewController.xib */; };
		33604AC9BFFE475BB17486DD /* Foundation.framework in Frameworks */ = {isa = PBXBuildFile; fileRef = BBF5D311DA6B4EBDA6EB4B7B /* Foundation.framework */; settings = {ATTRIBUTES = (Weak, ); }; };
		3B4B6AFD00BC40869F1D0A49 /* libxml2.tbd in Frameworks */ = {isa = PBXBuildFile; fileRef = 528F2A9803034EA8A2E56BAF /* libxml2.tbd */; };
		4165B42CE79E4E0A8F77D849 /* libSalesforceSDKCore.a in Frameworks */ = {isa = PBXBuildFile; fileRef = 8694FEAD4CB94522BF5ED671 /* libSalesforceSDKCore.a */; };
		4A2649F8AB684AC5AB86210D /* libSmartStore.a in Frameworks */ = {isa = PBXBuildFile; fileRef = FC68748B27D0415595FBACFA /* libSmartStore.a */; };
		53F3389E7AFD45D29BC2C13B /* AppDelegate+SalesforceHybridSDK.m in Sources */ = {isa = PBXBuildFile; fileRef = 194F09C9F3B641FAB6A763CD /* AppDelegate+SalesforceHybridSDK.m */; };
		5E8F0B7730854F079896E8B5 /* SalesforceSDKResources.bundle in Resources */ = {isa = PBXBuildFile; fileRef = 40DACDADC9C4480599145688 /* SalesforceSDKResources.bundle */; };
		695F23F5FEC74E42A4C740AC /* UIApplication+SalesforceHybridSDK.m in Sources */ = {isa = PBXBuildFile; fileRef = FF4E09CE4BB74B9C90A3A369 /* UIApplication+SalesforceHybridSDK.m */; };
		6AA014D40C464709BDB5FB77 /* CDVIonicKeyboard.m in Sources */ = {isa = PBXBuildFile; fileRef = 151F6040C8E940D5966569D7 /* CDVIonicKeyboard.m */; };
		6AFF5BF91D6E424B00AB3073 /* CDVLaunchScreen.storyboard in Resources */ = {isa = PBXBuildFile; fileRef = 6AFF5BF81D6E424B00AB3073 /* CDVLaunchScreen.storyboard */; };
		6CDCD001514B492C9762E64F /* MessageUI.framework in Frameworks */ = {isa = PBXBuildFile; fileRef = 483D24F560234A89AC512E95 /* MessageUI.framework */; settings = {ATTRIBUTES = (Weak, ); }; };
		6D9B6184D1AC4DBCBDCD0533 /* libsqlcipher.a in Frameworks */ = {isa = PBXBuildFile; fileRef = 0E568D60902C45C288979713 /* libsqlcipher.a */; };
		6DDDB6D8A1934C13AF629591 /* libSmartSync.a in Frameworks */ = {isa = PBXBuildFile; fileRef = 08776A337F624847AC14425D /* libSmartSync.a */; };
		809495BE0A764C2987276D33 /* AddressBook.framework in Frameworks */ = {isa = PBXBuildFile; fileRef = B097F959D3004577B3F66CB2 /* AddressBook.framework */; settings = {ATTRIBUTES = (Weak, ); }; };
		8D78C6322CBA4AF488CD0DA5 /* libz.tbd in Frameworks */ = {isa = PBXBuildFile; fileRef = A2606218F4A74226996B9E30 /* libz.tbd */; };
		8F59A824E2F94D05A3D0B601 /* libSalesforceHybridSDK.a in Frameworks */ = {isa = PBXBuildFile; fileRef = F142AD3ECFFF4EB3BBD20E11 /* libSalesforceHybridSDK.a */; };
		9B1A0B14D1194D15AC4E64BD /* libSalesforceAnalytics.a in Frameworks */ = {isa = PBXBuildFile; fileRef = 6D3FFD6923DE47A4BD084BC7 /* libSalesforceAnalytics.a */; };
		9D1A97DEFE10427EA414FE0B /* WebKit.framework in Frameworks */ = {isa = PBXBuildFile; fileRef = 5BDE065372E646218FF6138F /* WebKit.framework */; settings = {ATTRIBUTES = (Weak, ); }; };
		A8199C2D57054C35AE139F12 /* ImageIO.framework in Frameworks */ = {isa = PBXBuildFile; fileRef = 1A16208C17484294AF0EA789 /* ImageIO.framework */; settings = {ATTRIBUTES = (Weak, ); }; };
		B0D81D74B6514D6292A6FB9A /* Security.framework in Frameworks */ = {isa = PBXBuildFile; fileRef = B1106BC395F24C66B9CFF3B0 /* Security.framework */; settings = {ATTRIBUTES = (Weak, ); }; };
		BCBA606893C944339B0460AE /* CDVWKProcessPoolFactory.m in Sources */ = {isa = PBXBuildFile; fileRef = ED183A4627E34086AF422136 /* CDVWKProcessPoolFactory.m */; };
		C507A94C2A7549838939E574 /* UIKit.framework in Frameworks */ = {isa = PBXBuildFile; fileRef = CF38F0C8B8EF4CD6942B3CA9 /* UIKit.framework */; settings = {ATTRIBUTES = (Weak, ); }; };
		D49CC707A0AC4319811FEB5D /* SystemConfiguration.framework in Frameworks */ = {isa = PBXBuildFile; fileRef = 333F62AEE4424752A4026D96 /* SystemConfiguration.framework */; settings = {ATTRIBUTES = (Weak, ); }; };
		DE244478FF7A4A028548EC51 /* CDVWKWebViewEngine.m in Sources */ = {isa = PBXBuildFile; fileRef = 9C6023F623C849B9B4DAF3D2 /* CDVWKWebViewEngine.m */; };
		E38083DC752842BFBA955DB4 /* CDVStatusBar.m in Sources */ = {isa = PBXBuildFile; fileRef = 65E680C4CDCA4714A1622D24 /* CDVStatusBar.m */; };
		EAE464CC31284D14A09F6424 /* Images.xcassets in Resources */ = {isa = PBXBuildFile; fileRef = 9CE847EFD2934BE4AA3A91BC /* Images.xcassets */; };
		F98775D4BBAB4F7BAB8AE645 /* CDVViewController+SplashScreen.m in Sources */ = {isa = PBXBuildFile; fileRef = 4A039CE52E5F4AB4988BAFEE /* CDVViewController+SplashScreen.m */; };
		FA1D0BCC536149E4AC8C2415 /* CDVDevice.m in Sources */ = {isa = PBXBuildFile; fileRef = 493A6680281E40C5B739852C /* CDVDevice.m */; };
/* End PBXBuildFile section */

/* Begin PBXContainerItemProxy section */
		301BF534109A57CC0062928A /* PBXContainerItemProxy */ = {
			isa = PBXContainerItemProxy;
			containerPortal = 301BF52D109A57CC0062928A /* CordovaLib.xcodeproj */;
			proxyType = 2;
			remoteGlobalIDString = D2AAC07E0554694100DB518D;
			remoteInfo = CordovaLib;
		};
		301BF550109A68C00062928A /* PBXContainerItemProxy */ = {
			isa = PBXContainerItemProxy;
			containerPortal = 301BF52D109A57CC0062928A /* CordovaLib.xcodeproj */;
			proxyType = 1;
			remoteGlobalIDString = D2AAC07D0554694100DB518D;
			remoteInfo = CordovaLib;
		};
		619690E7216613AE0054DBB1 /* PBXContainerItemProxy */ = {
			isa = PBXContainerItemProxy;
			containerPortal = 301BF52D109A57CC0062928A /* CordovaLib.xcodeproj */;
			proxyType = 2;
			remoteGlobalIDString = C0C01EB21E3911D50056E6CB;
			remoteInfo = Cordova;
		};
/* End PBXContainerItemProxy section */

/* Begin PBXFileReference section */
		038EC84F0AAF427A910EF66C /* PushPlugin.h */ = {isa = PBXFileReference; explicitFileType = undefined; fileEncoding = 4; includeInIndex = 0; lastKnownFileType = sourcecode.c.h; name = PushPlugin.h; path = "phonegap-plugin-push/PushPlugin.h"; sourceTree = "<group>"; };
		08776A337F624847AC14425D /* libSmartSync.a */ = {isa = PBXFileReference; explicitFileType = undefined; fileEncoding = 9; includeInIndex = 0; lastKnownFileType = archive.ar; name = libSmartSync.a; path = com.apoc.mobile/Plugins/com.salesforce/libSmartSync.a; sourceTree = "<group>"; };
		0E568D60902C45C288979713 /* libsqlcipher.a */ = {isa = PBXFileReference; explicitFileType = undefined; fileEncoding = 9; includeInIndex = 0; lastKnownFileType = archive.ar; name = libsqlcipher.a; path = com.apoc.mobile/Plugins/com.salesforce/libsqlcipher.a; sourceTree = "<group>"; };
		0FAB0E3E277345A7A3B4306C /* SFUserAccountManager.h */ = {isa = PBXFileReference; explicitFileType = undefined; fileEncoding = 4; includeInIndex = 0; lastKnownFileType = sourcecode.c.h; name = SFUserAccountManager.h; path = com.salesforce/salesforce/SFUserAccountManager.h; sourceTree = "<group>"; };
		11C0F36B525C4417AA045563 /* SmartSyncSDKManager.h */ = {isa = PBXFileReference; explicitFileType = undefined; fileEncoding = 4; includeInIndex = 0; lastKnownFileType = sourcecode.c.h; name = SmartSyncSDKManager.h; path = com.salesforce/salesforce/SmartSyncSDKManager.h; sourceTree = "<group>"; };
		131B6245D9AE4C6794536360 /* SalesforceSDKManager.h */ = {isa = PBXFileReference; explicitFileType = undefined; fileEncoding = 4; includeInIndex = 0; lastKnownFileType = sourcecode.c.h; name = SalesforceSDKManager.h; path = com.salesforce/salesforce/SalesforceSDKManager.h; sourceTree = "<group>"; };
		151F6040C8E940D5966569D7 /* CDVIonicKeyboard.m */ = {isa = PBXFileReference; explicitFileType = undefined; fileEncoding = 4; includeInIndex = 0; lastKnownFileType = sourcecode.c.objc; name = CDVIonicKeyboard.m; path = "cordova-plugin-ionic-keyboard/CDVIonicKeyboard.m"; sourceTree = "<group>"; };
		194F09C9F3B641FAB6A763CD /* AppDelegate+SalesforceHybridSDK.m */ = {isa = PBXFileReference; explicitFileType = undefined; fileEncoding = 4; includeInIndex = 0; lastKnownFileType = sourcecode.c.objc; name = "AppDelegate+SalesforceHybridSDK.m"; path = "com.salesforce/AppDelegate+SalesforceHybridSDK.m"; sourceTree = "<group>"; };
		1A16208C17484294AF0EA789 /* ImageIO.framework */ = {isa = PBXFileReference; explicitFileType = undefined; fileEncoding = 9; includeInIndex = 0; lastKnownFileType = wrapper.framework; name = ImageIO.framework; path = System/Library/Frameworks/ImageIO.framework; sourceTree = SDKROOT; };
		1D3623240D0F684500981E51 /* AppDelegate.h */ = {isa = PBXFileReference; fileEncoding = 4; lastKnownFileType = sourcecode.c.h; path = AppDelegate.h; sourceTree = "<group>"; };
		1D3623250D0F684500981E51 /* AppDelegate.m */ = {isa = PBXFileReference; fileEncoding = 4; lastKnownFileType = sourcecode.c.objc; path = AppDelegate.m; sourceTree = "<group>"; };
		1D6058910D05DD3D006BFB54 /* com.apoc.mobile.app */ = {isa = PBXFileReference; explicitFileType = wrapper.application; includeInIndex = 0; path = com.apoc.mobile.app; sourceTree = BUILT_PRODUCTS_DIR; };
		1E7620AE1EDB489BA86C6372 /* UIApplication+SalesforceHybridSDK.h */ = {isa = PBXFileReference; explicitFileType = undefined; fileEncoding = 4; includeInIndex = 0; lastKnownFileType = sourcecode.c.h; name = "UIApplication+SalesforceHybridSDK.h"; path = "com.salesforce/UIApplication+SalesforceHybridSDK.h"; sourceTree = "<group>"; };
		22B3AC9858564259A4E05E55 /* SFOAuthCoordinator.h */ = {isa = PBXFileReference; explicitFileType = undefined; fileEncoding = 4; includeInIndex = 0; lastKnownFileType = sourcecode.c.h; name = SFOAuthCoordinator.h; path = com.salesforce/salesforce/SFOAuthCoordinator.h; sourceTree = "<group>"; };
		28BF1C6B74D742388B9BD19E /* SalesforceSDKCoreDefines.h */ = {isa = PBXFileReference; explicitFileType = undefined; fileEncoding = 4; includeInIndex = 0; lastKnownFileType = sourcecode.c.h; name = SalesforceSDKCoreDefines.h; path = com.salesforce/salesforce/SalesforceSDKCoreDefines.h; sourceTree = "<group>"; };
		29B97316FDCFA39411CA2CEA /* main.m */ = {isa = PBXFileReference; fileEncoding = 4; lastKnownFileType = sourcecode.c.objc; path = main.m; sourceTree = "<group>"; };
		2E295225B8284DF59BC039B2 /* InitialViewController.m */ = {isa = PBXFileReference; explicitFileType = undefined; fileEncoding = 4; includeInIndex = 0; lastKnownFileType = sourcecode.c.objc; name = InitialViewController.m; path = com.salesforce/InitialViewController.m; sourceTree = "<group>"; };
		301BF52D109A57CC0062928A /* CordovaLib.xcodeproj */ = {isa = PBXFileReference; lastKnownFileType = "wrapper.pb-project"; name = CordovaLib.xcodeproj; path = CordovaLib/CordovaLib.xcodeproj; sourceTree = "<group>"; };
		301BF56E109A69640062928A /* www */ = {isa = PBXFileReference; lastKnownFileType = folder; path = www; sourceTree = SOURCE_ROOT; };
		302D95EE14D2391D003F00A1 /* MainViewController.h */ = {isa = PBXFileReference; fileEncoding = 4; lastKnownFileType = sourcecode.c.h; path = MainViewController.h; sourceTree = "<group>"; };
		302D95EF14D2391D003F00A1 /* MainViewController.m */ = {isa = PBXFileReference; fileEncoding = 4; lastKnownFileType = sourcecode.c.objc; path = MainViewController.m; sourceTree = "<group>"; };
		302D95F014D2391D003F00A1 /* MainViewController.xib */ = {isa = PBXFileReference; fileEncoding = 4; lastKnownFileType = file.xib; path = MainViewController.xib; sourceTree = "<group>"; };
		3047A50F1AB8059700498E2A /* build-debug.xcconfig */ = {isa = PBXFileReference; fileEncoding = 4; lastKnownFileType = text.xcconfig; name = "build-debug.xcconfig"; path = "cordova/build-debug.xcconfig"; sourceTree = SOURCE_ROOT; };
		3047A5101AB8059700498E2A /* build-release.xcconfig */ = {isa = PBXFileReference; fileEncoding = 4; lastKnownFileType = text.xcconfig; name = "build-release.xcconfig"; path = "cordova/build-release.xcconfig"; sourceTree = SOURCE_ROOT; };
		3047A5111AB8059700498E2A /* build.xcconfig */ = {isa = PBXFileReference; fileEncoding = 4; lastKnownFileType = text.xcconfig; name = build.xcconfig; path = cordova/build.xcconfig; sourceTree = SOURCE_ROOT; };
		32CA4F630368D1EE00C91783 /* com.apoc.mobile-Prefix.pch */ = {isa = PBXFileReference; fileEncoding = 4; lastKnownFileType = sourcecode.c.h; path = "com.apoc.mobile-Prefix.pch"; sourceTree = "<group>"; };
		3303750391EF41928106DDDE /* SFSDKAppConfig.h */ = {isa = PBXFileReference; explicitFileType = undefined; fileEncoding = 4; includeInIndex = 0; lastKnownFileType = sourcecode.c.h; name = SFSDKAppConfig.h; path = com.salesforce/salesforce/SFSDKAppConfig.h; sourceTree = "<group>"; };
		331B453382804E71B48F24C6 /* CDVSplashScreen.m */ = {isa = PBXFileReference; explicitFileType = undefined; fileEncoding = 4; includeInIndex = 0; lastKnownFileType = sourcecode.c.objc; name = CDVSplashScreen.m; path = "cordova-plugin-splashscreen/CDVSplashScreen.m"; sourceTree = "<group>"; };
		333F62AEE4424752A4026D96 /* SystemConfiguration.framework */ = {isa = PBXFileReference; explicitFileType = undefined; fileEncoding = 9; includeInIndex = 0; lastKnownFileType = wrapper.framework; name = SystemConfiguration.framework; path = System/Library/Frameworks/SystemConfiguration.framework; sourceTree = SDKROOT; };
		363861DEE9044DF2A5168A78 /* SFSDKLoginHostStorage.h */ = {isa = PBXFileReference; explicitFileType = undefined; fileEncoding = 4; includeInIndex = 0; lastKnownFileType = sourcecode.c.h; name = SFSDKLoginHostStorage.h; path = com.salesforce/salesforce/SFSDKLoginHostStorage.h; sourceTree = "<group>"; };
		39BB9B46D88C421894C91B29 /* NSNotificationCenter+SFAdditions.h */ = {isa = PBXFileReference; explicitFileType = undefined; fileEncoding = 4; includeInIndex = 0; lastKnownFileType = sourcecode.c.h; name = "NSNotificationCenter+SFAdditions.h"; path = "com.salesforce/salesforce/NSNotificationCenter+SFAdditions.h"; sourceTree = "<group>"; };
		40DACDADC9C4480599145688 /* SalesforceSDKResources.bundle */ = {isa = PBXFileReference; explicitFileType = undefined; fileEncoding = 9; includeInIndex = 0; lastKnownFileType = "wrapper.plug-in"; path = SalesforceSDKResources.bundle; sourceTree = "<group>"; };
		43D4B27C8E554FD7A1805DEE /* SFHybridViewConfig.h */ = {isa = PBXFileReference; explicitFileType = undefined; fileEncoding = 4; includeInIndex = 0; lastKnownFileType = sourcecode.c.h; name = SFHybridViewConfig.h; path = com.salesforce/salesforce/SFHybridViewConfig.h; sourceTree = "<group>"; };
		483D24F560234A89AC512E95 /* MessageUI.framework */ = {isa = PBXFileReference; explicitFileType = undefined; fileEncoding = 9; includeInIndex = 0; lastKnownFileType = wrapper.framework; name = MessageUI.framework; path = System/Library/Frameworks/MessageUI.framework; sourceTree = SDKROOT; };
		493A6680281E40C5B739852C /* CDVDevice.m */ = {isa = PBXFileReference; explicitFileType = undefined; fileEncoding = 4; includeInIndex = 0; lastKnownFileType = sourcecode.c.objc; name = CDVDevice.m; path = "cordova-plugin-device/CDVDevice.m"; sourceTree = "<group>"; };
		4A039CE52E5F4AB4988BAFEE /* CDVViewController+SplashScreen.m */ = {isa = PBXFileReference; explicitFileType = undefined; fileEncoding = 4; includeInIndex = 0; lastKnownFileType = sourcecode.c.objc; name = "CDVViewController+SplashScreen.m"; path = "cordova-plugin-splashscreen/CDVViewController+SplashScreen.m"; sourceTree = "<group>"; };
		4E67FB9AFEB145E983023462 /* SFSDKLogger.h */ = {isa = PBXFileReference; explicitFileType = undefined; fileEncoding = 4; includeInIndex = 0; lastKnownFileType = sourcecode.c.h; name = SFSDKLogger.h; path = com.salesforce/salesforce/SFSDKLogger.h; sourceTree = "<group>"; };
		4F14D2AC66E5452682526647 /* CoreLocation.framework */ = {isa = PBXFileReference; explicitFileType = undefined; fileEncoding = 9; includeInIndex = 0; lastKnownFileType = wrapper.framework; name = CoreLocation.framework; path = System/Library/Frameworks/CoreLocation.framework; sourceTree = SDKROOT; };
		528F2A9803034EA8A2E56BAF /* libxml2.tbd */ = {isa = PBXFileReference; explicitFileType = undefined; fileEncoding = 9; includeInIndex = 0; lastKnownFileType = "sourcecode.text-based-dylib-definition"; name = libxml2.tbd; path = usr/lib/libxml2.tbd; sourceTree = SDKROOT; };
		52A47E4EF718437F98C66953 /* CDVDevice.h */ = {isa = PBXFileReference; explicitFileType = undefined; fileEncoding = 4; includeInIndex = 0; lastKnownFileType = sourcecode.c.h; name = CDVDevice.h; path = "cordova-plugin-device/CDVDevice.h"; sourceTree = "<group>"; };
		5BDE065372E646218FF6138F /* WebKit.framework */ = {isa = PBXFileReference; explicitFileType = undefined; fileEncoding = 9; includeInIndex = 0; lastKnownFileType = wrapper.framework; name = WebKit.framework; path = System/Library/Frameworks/WebKit.framework; sourceTree = SDKROOT; };
		6011F65B8CB24CA38B85DE1B /* CDVStatusBar.h */ = {isa = PBXFileReference; explicitFileType = undefined; fileEncoding = 4; includeInIndex = 0; lastKnownFileType = sourcecode.c.h; name = CDVStatusBar.h; path = "cordova-plugin-statusbar/CDVStatusBar.h"; sourceTree = "<group>"; };
		60E5EE8E1B7F4FF7A709C97A /* DDLog.h */ = {isa = PBXFileReference; explicitFileType = undefined; fileEncoding = 4; includeInIndex = 0; lastKnownFileType = sourcecode.c.h; name = DDLog.h; path = com.salesforce/DDLog.h; sourceTree = "<group>"; };
		657EC3AC34934C46825B6FD3 /* CDVWKProcessPoolFactory.h */ = {isa = PBXFileReference; explicitFileType = undefined; fileEncoding = 4; includeInIndex = 0; lastKnownFileType = sourcecode.c.h; name = CDVWKProcessPoolFactory.h; path = "cordova-plugin-wkwebview-engine/CDVWKProcessPoolFactory.h"; sourceTree = "<group>"; };
		65E680C4CDCA4714A1622D24 /* CDVStatusBar.m */ = {isa = PBXFileReference; explicitFileType = undefined; fileEncoding = 4; includeInIndex = 0; lastKnownFileType = sourcecode.c.objc; name = CDVStatusBar.m; path = "cordova-plugin-statusbar/CDVStatusBar.m"; sourceTree = "<group>"; };
		68C02FE1101040189A0D977C /* SalesforceHybridSDKManager.h */ = {isa = PBXFileReference; explicitFileType = undefined; fileEncoding = 4; includeInIndex = 0; lastKnownFileType = sourcecode.c.h; name = SalesforceHybridSDKManager.h; path = com.salesforce/salesforce/SalesforceHybridSDKManager.h; sourceTree = "<group>"; };
		6AFF5BF81D6E424B00AB3073 /* CDVLaunchScreen.storyboard */ = {isa = PBXFileReference; fileEncoding = 4; lastKnownFileType = file.storyboard; name = CDVLaunchScreen.storyboard; path = com.apoc.mobile/CDVLaunchScreen.storyboard; sourceTree = SOURCE_ROOT; };
		6D3FFD6923DE47A4BD084BC7 /* libSalesforceAnalytics.a */ = {isa = PBXFileReference; explicitFileType = undefined; fileEncoding = 9; includeInIndex = 0; lastKnownFileType = archive.ar; name = libSalesforceAnalytics.a; path = com.apoc.mobile/Plugins/com.salesforce/libSalesforceAnalytics.a; sourceTree = "<group>"; };
		737C8D2D22604DFDB6B0D667 /* SFHybridViewController.h */ = {isa = PBXFileReference; explicitFileType = undefined; fileEncoding = 4; includeInIndex = 0; lastKnownFileType = sourcecode.c.h; name = SFHybridViewController.h; path = com.salesforce/salesforce/SFHybridViewController.h; sourceTree = "<group>"; };
		7B472886DF7B4C19B59AF15F /* AddressBookUI.framework */ = {isa = PBXFileReference; explicitFileType = undefined; fileEncoding = 9; includeInIndex = 0; lastKnownFileType = wrapper.framework; name = AddressBookUI.framework; path = System/Library/Frameworks/AddressBookUI.framework; sourceTree = SDKROOT; };
		7D74F71B1E0F410491987CBE /* SFCommunityData.h */ = {isa = PBXFileReference; explicitFileType = undefined; fileEncoding = 4; includeInIndex = 0; lastKnownFileType = sourcecode.c.h; name = SFCommunityData.h; path = com.salesforce/salesforce/SFCommunityData.h; sourceTree = "<group>"; };
		81BF7A9C8BD94608A925E0E2 /* SFSDKLoginHostDelegate.h */ = {isa = PBXFileReference; explicitFileType = undefined; fileEncoding = 4; includeInIndex = 0; lastKnownFileType = sourcecode.c.h; name = SFSDKLoginHostDelegate.h; path = com.salesforce/salesforce/SFSDKLoginHostDelegate.h; sourceTree = "<group>"; };
		8694FEAD4CB94522BF5ED671 /* libSalesforceSDKCore.a */ = {isa = PBXFileReference; explicitFileType = undefined; fileEncoding = 9; includeInIndex = 0; lastKnownFileType = archive.ar; name = libSalesforceSDKCore.a; path = com.apoc.mobile/Plugins/com.salesforce/libSalesforceSDKCore.a; sourceTree = "<group>"; };
		87D88507683E4C1D9F41EAF2 /* SFOAuthInfo.h */ = {isa = PBXFileReference; explicitFileType = undefined; fileEncoding = 4; includeInIndex = 0; lastKnownFileType = sourcecode.c.h; name = SFOAuthInfo.h; path = com.salesforce/salesforce/SFOAuthInfo.h; sourceTree = "<group>"; };
		8A989A873B3A4A33A45E6F58 /* AppDelegate+SalesforceHybridSDK.h */ = {isa = PBXFileReference; explicitFileType = undefined; fileEncoding = 4; includeInIndex = 0; lastKnownFileType = sourcecode.c.h; name = "AppDelegate+SalesforceHybridSDK.h"; path = "com.salesforce/AppDelegate+SalesforceHybridSDK.h"; sourceTree = "<group>"; };
		8D1107310486CEB800E47090 /* com.apoc.mobile-Info.plist */ = {isa = PBXFileReference; fileEncoding = 4; lastKnownFileType = text.plist.xml; name = "com.apoc.mobile-Info.plist"; path = "com.apoc.mobile/com.apoc.mobile-Info.plist"; plistStructureDefinitionIdentifier = "com.apple.xcode.plist.structure-definition.iphone.info-plist"; sourceTree = SOURCE_ROOT; };
		8D4B83FA2C9B450F97E02A33 /* SFAuthErrorHandlerList.h */ = {isa = PBXFileReference; explicitFileType = undefined; fileEncoding = 4; includeInIndex = 0; lastKnownFileType = sourcecode.c.h; name = SFAuthErrorHandlerList.h; path = com.salesforce/salesforce/SFAuthErrorHandlerList.h; sourceTree = "<group>"; };
		8FF6E5EC338F466CA9D23CF0 /* SFOAuthCredentials.h */ = {isa = PBXFileReference; explicitFileType = undefined; fileEncoding = 4; includeInIndex = 0; lastKnownFileType = sourcecode.c.h; name = SFOAuthCredentials.h; path = com.salesforce/salesforce/SFOAuthCredentials.h; sourceTree = "<group>"; };
		90FE4EBFAF914D1FB94B709C /* SFPushNotificationManager.h */ = {isa = PBXFileReference; explicitFileType = undefined; fileEncoding = 4; includeInIndex = 0; lastKnownFileType = sourcecode.c.h; name = SFPushNotificationManager.h; path = com.salesforce/salesforce/SFPushNotificationManager.h; sourceTree = "<group>"; };
		91A73E5814D6412E8BD6EA83 /* SFUserAccountConstants.h */ = {isa = PBXFileReference; explicitFileType = undefined; fileEncoding = 4; includeInIndex = 0; lastKnownFileType = sourcecode.c.h; name = SFUserAccountConstants.h; path = com.salesforce/salesforce/SFUserAccountConstants.h; sourceTree = "<group>"; };
		9731E51CAC674779BC18B3B9 /* SFLocalhostSubstitutionCache.h */ = {isa = PBXFileReference; explicitFileType = undefined; fileEncoding = 4; includeInIndex = 0; lastKnownFileType = sourcecode.c.h; name = SFLocalhostSubstitutionCache.h; path = com.salesforce/salesforce/SFLocalhostSubstitutionCache.h; sourceTree = "<group>"; };
		997F83250E834BEFBD6B52FE /* SalesforceSDKAssets.xcassets */ = {isa = PBXFileReference; explicitFileType = undefined; fileEncoding = 9; includeInIndex = 0; lastKnownFileType = folder.assetcatalog; path = SalesforceSDKAssets.xcassets; sourceTree = "<group>"; };
		9AC563619A644AB2B7B86E43 /* SalesforceSDKConstants.h */ = {isa = PBXFileReference; explicitFileType = undefined; fileEncoding = 4; includeInIndex = 0; lastKnownFileType = sourcecode.c.h; name = SalesforceSDKConstants.h; path = com.salesforce/salesforce/SalesforceSDKConstants.h; sourceTree = "<group>"; };
		9C6023F623C849B9B4DAF3D2 /* CDVWKWebViewEngine.m */ = {isa = PBXFileReference; explicitFileType = undefined; fileEncoding = 4; includeInIndex = 0; lastKnownFileType = sourcecode.c.objc; name = CDVWKWebViewEngine.m; path = "cordova-plugin-wkwebview-engine/CDVWKWebViewEngine.m"; sourceTree = "<group>"; };
		9CE847EFD2934BE4AA3A91BC /* Images.xcassets */ = {isa = PBXFileReference; explicitFileType = undefined; fileEncoding = 9; includeInIndex = 0; lastKnownFileType = folder.assetcatalog; path = Images.xcassets; sourceTree = "<group>"; };
		9D3AFD172A5142698E0E341F /* DDLegacyMacros.h */ = {isa = PBXFileReference; explicitFileType = undefined; fileEncoding = 4; includeInIndex = 0; lastKnownFileType = sourcecode.c.h; name = DDLegacyMacros.h; path = com.salesforce/DDLegacyMacros.h; sourceTree = "<group>"; };
		A2606218F4A74226996B9E30 /* libz.tbd */ = {isa = PBXFileReference; explicitFileType = undefined; fileEncoding = 9; includeInIndex = 0; lastKnownFileType = "sourcecode.text-based-dylib-definition"; name = libz.tbd; path = usr/lib/libz.tbd; sourceTree = SDKROOT; };
		A3ED0EB02D62416DBB8CE3AC /* PushPlugin.m */ = {isa = PBXFileReference; explicitFileType = undefined; fileEncoding = 4; includeInIndex = 0; lastKnownFileType = sourcecode.c.objc; name = PushPlugin.m; path = "phonegap-plugin-push/PushPlugin.m"; sourceTree = "<group>"; };
		A77FB700A67D4AD1828FC748 /* SFSDKFileLogger.h */ = {isa = PBXFileReference; explicitFileType = undefined; fileEncoding = 4; includeInIndex = 0; lastKnownFileType = sourcecode.c.h; name = SFSDKFileLogger.h; path = com.salesforce/salesforce/SFSDKFileLogger.h; sourceTree = "<group>"; };
		AECCFC774AA84F7EAF4E1AC9 /* InitialViewController.h */ = {isa = PBXFileReference; explicitFileType = undefined; fileEncoding = 4; includeInIndex = 0; lastKnownFileType = sourcecode.c.h; name = InitialViewController.h; path = com.salesforce/salesforce/InitialViewController.h; sourceTree = "<group>"; };
		AF77C887ABAF4AE0B3B29DBB /* AppDelegate+notification.h */ = {isa = PBXFileReference; explicitFileType = undefined; fileEncoding = 4; includeInIndex = 0; lastKnownFileType = sourcecode.c.h; name = "AppDelegate+notification.h"; path = "phonegap-plugin-push/AppDelegate+notification.h"; sourceTree = "<group>"; };
		B097F959D3004577B3F66CB2 /* AddressBook.framework */ = {isa = PBXFileReference; explicitFileType = undefined; fileEncoding = 9; includeInIndex = 0; lastKnownFileType = wrapper.framework; name = AddressBook.framework; path = System/Library/Frameworks/AddressBook.framework; sourceTree = SDKROOT; };
		B1106BC395F24C66B9CFF3B0 /* Security.framework */ = {isa = PBXFileReference; explicitFileType = undefined; fileEncoding = 9; includeInIndex = 0; lastKnownFileType = wrapper.framework; name = Security.framework; path = System/Library/Frameworks/Security.framework; sourceTree = SDKROOT; };
		B2D7289B33BA4B1088B0A411 /* CDVWKWebViewUIDelegate.m */ = {isa = PBXFileReference; explicitFileType = undefined; fileEncoding = 4; includeInIndex = 0; lastKnownFileType = sourcecode.c.objc; name = CDVWKWebViewUIDelegate.m; path = "cordova-plugin-wkwebview-engine/CDVWKWebViewUIDelegate.m"; sourceTree = "<group>"; };
		B5EDF5BBC1B4408C824EE6E6 /* SFIdentityData.h */ = {isa = PBXFileReference; explicitFileType = undefined; fileEncoding = 4; includeInIndex = 0; lastKnownFileType = sourcecode.c.h; name = SFIdentityData.h; path = com.salesforce/salesforce/SFIdentityData.h; sourceTree = "<group>"; };
		BBF5D311DA6B4EBDA6EB4B7B /* Foundation.framework */ = {isa = PBXFileReference; explicitFileType = undefined; fileEncoding = 9; includeInIndex = 0; lastKnownFileType = wrapper.framework; name = Foundation.framework; path = System/Library/Frameworks/Foundation.framework; sourceTree = SDKROOT; };
		BE78DDC51A94480393256646 /* CDVWKWebViewEngine.h */ = {isa = PBXFileReference; explicitFileType = undefined; fileEncoding = 4; includeInIndex = 0; lastKnownFileType = sourcecode.c.h; name = CDVWKWebViewEngine.h; path = "cordova-plugin-wkwebview-engine/CDVWKWebViewEngine.h"; sourceTree = "<group>"; };
		C4BE352D0EB44AA48C79A8A1 /* SFSDKLoginHostListViewController.h */ = {isa = PBXFileReference; explicitFileType = undefined; fileEncoding = 4; includeInIndex = 0; lastKnownFileType = sourcecode.c.h; name = SFSDKLoginHostListViewController.h; path = com.salesforce/salesforce/SFSDKLoginHostListViewController.h; sourceTree = "<group>"; };
		C5D05A0655AE4AAAB05299BC /* SFUserAccount.h */ = {isa = PBXFileReference; explicitFileType = undefined; fileEncoding = 4; includeInIndex = 0; lastKnownFileType = sourcecode.c.h; name = SFUserAccount.h; path = com.salesforce/salesforce/SFUserAccount.h; sourceTree = "<group>"; };
		C951E1765EE3488EB4109727 /* DDFileLogger.h */ = {isa = PBXFileReference; explicitFileType = undefined; fileEncoding = 4; includeInIndex = 0; lastKnownFileType = sourcecode.c.h; name = DDFileLogger.h; path = com.salesforce/DDFileLogger.h; sourceTree = "<group>"; };
		CF38F0C8B8EF4CD6942B3CA9 /* UIKit.framework */ = {isa = PBXFileReference; explicitFileType = undefined; fileEncoding = 9; includeInIndex = 0; lastKnownFileType = wrapper.framework; name = UIKit.framework; path = System/Library/Frameworks/UIKit.framework; sourceTree = SDKROOT; };
		D15A67A1FE984F63BE983E98 /* SFUserAccountIdentity.h */ = {isa = PBXFileReference; explicitFileType = undefined; fileEncoding = 4; includeInIndex = 0; lastKnownFileType = sourcecode.c.h; name = SFUserAccountIdentity.h; path = com.salesforce/salesforce/SFUserAccountIdentity.h; sourceTree = "<group>"; };
		D29E015546BD4A5A88CD8D06 /* SFAuthErrorHandler.h */ = {isa = PBXFileReference; explicitFileType = undefined; fileEncoding = 4; includeInIndex = 0; lastKnownFileType = sourcecode.c.h; name = SFAuthErrorHandler.h; path = com.salesforce/salesforce/SFAuthErrorHandler.h; sourceTree = "<group>"; };
		D5AFF8B6F64344A78BCB536F /* SFDefaultUserManagementViewController.h */ = {isa = PBXFileReference; explicitFileType = undefined; fileEncoding = 4; includeInIndex = 0; lastKnownFileType = sourcecode.c.h; name = SFDefaultUserManagementViewController.h; path = com.salesforce/salesforce/SFDefaultUserManagementViewController.h; sourceTree = "<group>"; };
		DC7A124367944E31B9EE1AD2 /* SFSDKLoginHost.h */ = {isa = PBXFileReference; explicitFileType = undefined; fileEncoding = 4; includeInIndex = 0; lastKnownFileType = sourcecode.c.h; name = SFSDKLoginHost.h; path = com.salesforce/salesforce/SFSDKLoginHost.h; sourceTree = "<group>"; };
		E16217CB7CE547CBA40BE03B /* CDVWKWebViewUIDelegate.h */ = {isa = PBXFileReference; explicitFileType = undefined; fileEncoding = 4; includeInIndex = 0; lastKnownFileType = sourcecode.c.h; name = CDVWKWebViewUIDelegate.h; path = "cordova-plugin-wkwebview-engine/CDVWKWebViewUIDelegate.h"; sourceTree = "<group>"; };
		E1736988AD234425B4EC79A9 /* SFLoginViewController.h */ = {isa = PBXFileReference; explicitFileType = undefined; fileEncoding = 4; includeInIndex = 0; lastKnownFileType = sourcecode.c.h; name = SFLoginViewController.h; path = com.salesforce/salesforce/SFLoginViewController.h; sourceTree = "<group>"; };
		E66A5B1252B94029BEE44177 /* CDVViewController+SplashScreen.h */ = {isa = PBXFileReference; explicitFileType = undefined; fileEncoding = 4; includeInIndex = 0; lastKnownFileType = sourcecode.c.h; name = "CDVViewController+SplashScreen.h"; path = "cordova-plugin-splashscreen/CDVViewController+SplashScreen.h"; sourceTree = "<group>"; };
		E6D6BECA68EB4A5290E6F158 /* CDVSplashScreen.h */ = {isa = PBXFileReference; explicitFileType = undefined; fileEncoding = 4; includeInIndex = 0; lastKnownFileType = sourcecode.c.h; name = CDVSplashScreen.h; path = "cordova-plugin-splashscreen/CDVSplashScreen.h"; sourceTree = "<group>"; };
		E71C13A389A44948BE3F3E20 /* SmartStoreSDKManager.h */ = {isa = PBXFileReference; explicitFileType = undefined; fileEncoding = 4; includeInIndex = 0; lastKnownFileType = sourcecode.c.h; name = SmartStoreSDKManager.h; path = com.salesforce/salesforce/SmartStoreSDKManager.h; sourceTree = "<group>"; };
		EB87FDF31871DA8E0020F90C /* www */ = {isa = PBXFileReference; lastKnownFileType = folder; name = www; path = ../../www; sourceTree = "<group>"; };
		EB87FDF41871DAF40020F90C /* config.xml */ = {isa = PBXFileReference; lastKnownFileType = text.xml; name = config.xml; path = ../../config.xml; sourceTree = "<group>"; };
		ED183A4627E34086AF422136 /* CDVWKProcessPoolFactory.m */ = {isa = PBXFileReference; explicitFileType = undefined; fileEncoding = 4; includeInIndex = 0; lastKnownFileType = sourcecode.c.objc; name = CDVWKProcessPoolFactory.m; path = "cordova-plugin-wkwebview-engine/CDVWKProcessPoolFactory.m"; sourceTree = "<group>"; };
		ED3202C1F68C4684AF391765 /* AppDelegate+notification.m */ = {isa = PBXFileReference; explicitFileType = undefined; fileEncoding = 4; includeInIndex = 0; lastKnownFileType = sourcecode.c.objc; name = "AppDelegate+notification.m"; path = "phonegap-plugin-push/AppDelegate+notification.m"; sourceTree = "<group>"; };
		ED33DF2A687741AEAF9F8254 /* Bridging-Header.h */ = {isa = PBXFileReference; fileEncoding = 4; lastKnownFileType = sourcecode.c.h; path = "Bridging-Header.h"; sourceTree = "<group>"; };
		EF3FF2AE200B4924923A465A /* libCocoaLumberjack.a */ = {isa = PBXFileReference; explicitFileType = undefined; fileEncoding = 9; includeInIndex = 0; lastKnownFileType = archive.ar; name = libCocoaLumberjack.a; path = com.apoc.mobile/Plugins/com.salesforce/libCocoaLumberjack.a; sourceTree = "<group>"; };
		F142AD3ECFFF4EB3BBD20E11 /* libSalesforceHybridSDK.a */ = {isa = PBXFileReference; explicitFileType = undefined; fileEncoding = 9; includeInIndex = 0; lastKnownFileType = archive.ar; name = libSalesforceHybridSDK.a; path = com.apoc.mobile/Plugins/com.salesforce/libSalesforceHybridSDK.a; sourceTree = "<group>"; };
		F2E1DFDDC29B4044921B9931 /* SFAuthenticationManager.h */ = {isa = PBXFileReference; explicitFileType = undefined; fileEncoding = 4; includeInIndex = 0; lastKnownFileType = sourcecode.c.h; name = SFAuthenticationManager.h; path = com.salesforce/salesforce/SFAuthenticationManager.h; sourceTree = "<group>"; };
		F820E71A55DE4683BF9AB4E5 /* SFIdentityCoordinator.h */ = {isa = PBXFileReference; explicitFileType = undefined; fileEncoding = 4; includeInIndex = 0; lastKnownFileType = sourcecode.c.h; name = SFIdentityCoordinator.h; path = com.salesforce/salesforce/SFIdentityCoordinator.h; sourceTree = "<group>"; };
		F840E1F0165FE0F500CFE078 /* config.xml */ = {isa = PBXFileReference; lastKnownFileType = text.xml; name = config.xml; path = com.apoc.mobile/config.xml; sourceTree = "<group>"; };
		F8485E5675BD4E3CA73D25EF /* CDVIonicKeyboard.h */ = {isa = PBXFileReference; explicitFileType = undefined; fileEncoding = 4; includeInIndex = 0; lastKnownFileType = sourcecode.c.h; name = CDVIonicKeyboard.h; path = "cordova-plugin-ionic-keyboard/CDVIonicKeyboard.h"; sourceTree = "<group>"; };
		F9AB81F105BF4BE2A5397E81 /* SFSDKLoginViewControllerConfig.h */ = {isa = PBXFileReference; explicitFileType = undefined; fileEncoding = 4; includeInIndex = 0; lastKnownFileType = sourcecode.c.h; name = SFSDKLoginViewControllerConfig.h; path = com.salesforce/salesforce/SFSDKLoginViewControllerConfig.h; sourceTree = "<group>"; };
		FAE7D1E5FEF740628F1F4E1F /* QuartzCore.framework */ = {isa = PBXFileReference; explicitFileType = undefined; fileEncoding = 9; includeInIndex = 0; lastKnownFileType = wrapper.framework; name = QuartzCore.framework; path = System/Library/Frameworks/QuartzCore.framework; sourceTree = SDKROOT; };
		FC68748B27D0415595FBACFA /* libSmartStore.a */ = {isa = PBXFileReference; explicitFileType = undefined; fileEncoding = 9; includeInIndex = 0; lastKnownFileType = archive.ar; name = libSmartStore.a; path = com.apoc.mobile/Plugins/com.salesforce/libSmartStore.a; sourceTree = "<group>"; };
		FF4E09CE4BB74B9C90A3A369 /* UIApplication+SalesforceHybridSDK.m */ = {isa = PBXFileReference; explicitFileType = undefined; fileEncoding = 4; includeInIndex = 0; lastKnownFileType = sourcecode.c.objc; name = "UIApplication+SalesforceHybridSDK.m"; path = "com.salesforce/UIApplication+SalesforceHybridSDK.m"; sourceTree = "<group>"; };
/* End PBXFileReference section */

/* Begin PBXFrameworksBuildPhase section */
		1D60588F0D05DD3D006BFB54 /* Frameworks */ = {
			isa = PBXFrameworksBuildPhase;
			buildActionMask = 2147483647;
			files = (
				301BF552109A68D80062928A /* libCordova.a in Frameworks */,
				9B1A0B14D1194D15AC4E64BD /* libSalesforceAnalytics.a in Frameworks */,
				4165B42CE79E4E0A8F77D849 /* libSalesforceSDKCore.a in Frameworks */,
				4A2649F8AB684AC5AB86210D /* libSmartStore.a in Frameworks */,
				6DDDB6D8A1934C13AF629591 /* libSmartSync.a in Frameworks */,
				8F59A824E2F94D05A3D0B601 /* libSalesforceHybridSDK.a in Frameworks */,
				6D9B6184D1AC4DBCBDCD0533 /* libsqlcipher.a in Frameworks */,
				07965154FA3C44CAA0D1DFB7 /* libCocoaLumberjack.a in Frameworks */,
				3B4B6AFD00BC40869F1D0A49 /* libxml2.tbd in Frameworks */,
				8D78C6322CBA4AF488CD0DA5 /* libz.tbd in Frameworks */,
				809495BE0A764C2987276D33 /* AddressBook.framework in Frameworks */,
				2F6C94F6D7244FBE92EC356C /* AddressBookUI.framework in Frameworks */,
				1FD51120A26C47D6A1A1B94D /* CoreLocation.framework in Frameworks */,
				33604AC9BFFE475BB17486DD /* Foundation.framework in Frameworks */,
				6CDCD001514B492C9762E64F /* MessageUI.framework in Frameworks */,
				082725897AB14B298467D056 /* QuartzCore.framework in Frameworks */,
				B0D81D74B6514D6292A6FB9A /* Security.framework in Frameworks */,
				D49CC707A0AC4319811FEB5D /* SystemConfiguration.framework in Frameworks */,
				C507A94C2A7549838939E574 /* UIKit.framework in Frameworks */,
				A8199C2D57054C35AE139F12 /* ImageIO.framework in Frameworks */,
				9D1A97DEFE10427EA414FE0B /* WebKit.framework in Frameworks */,
			);
			runOnlyForDeploymentPostprocessing = 0;
		};
/* End PBXFrameworksBuildPhase section */

/* Begin PBXGroup section */
		080E96DDFE201D6D7F000001 /* Classes */ = {
			isa = PBXGroup;
			children = (
				302D95EE14D2391D003F00A1 /* MainViewController.h */,
				302D95EF14D2391D003F00A1 /* MainViewController.m */,
				302D95F014D2391D003F00A1 /* MainViewController.xib */,
				1D3623240D0F684500981E51 /* AppDelegate.h */,
				1D3623250D0F684500981E51 /* AppDelegate.m */,
			);
			name = Classes;
			path = com.apoc.mobile/Classes;
			sourceTree = SOURCE_ROOT;
		};
		19C28FACFE9D520D11CA2CBB /* Products */ = {
			isa = PBXGroup;
			children = (
				1D6058910D05DD3D006BFB54 /* com.apoc.mobile.app */,
			);
			name = Products;
			sourceTree = "<group>";
		};
		29B97314FDCFA39411CA2CEA /* CustomTemplate */ = {
			isa = PBXGroup;
			children = (
				EB87FDF41871DAF40020F90C /* config.xml */,
				EB87FDF31871DA8E0020F90C /* www */,
				EB87FDF11871DA420020F90C /* Staging */,
				301BF52D109A57CC0062928A /* CordovaLib.xcodeproj */,
				080E96DDFE201D6D7F000001 /* Classes */,
				307C750510C5A3420062BCA9 /* Plugins */,
				29B97315FDCFA39411CA2CEA /* Other Sources */,
				29B97317FDCFA39411CA2CEA /* Resources */,
				29B97323FDCFA39411CA2CEA /* Frameworks */,
				19C28FACFE9D520D11CA2CBB /* Products */,
			);
			name = CustomTemplate;
			sourceTree = "<group>";
		};
		29B97315FDCFA39411CA2CEA /* Other Sources */ = {
			isa = PBXGroup;
			children = (
				32CA4F630368D1EE00C91783 /* com.apoc.mobile-Prefix.pch */,
				29B97316FDCFA39411CA2CEA /* main.m */,
				ED33DF2A687741AEAF9F8254 /* Bridging-Header.h */,
			);
			name = "Other Sources";
			path = com.apoc.mobile;
			sourceTree = "<group>";
		};
		29B97317FDCFA39411CA2CEA /* Resources */ = {
			isa = PBXGroup;
			children = (
				3047A50E1AB8057F00498E2A /* config */,
				8D1107310486CEB800E47090 /* com.apoc.mobile-Info.plist */,
				6AFF5BF81D6E424B00AB3073 /* CDVLaunchScreen.storyboard */,
				40DACDADC9C4480599145688 /* SalesforceSDKResources.bundle */,
				9CE847EFD2934BE4AA3A91BC /* Images.xcassets */,
				997F83250E834BEFBD6B52FE /* SalesforceSDKAssets.xcassets */,
			);
			name = Resources;
			path = com.apoc.mobile/Resources;
			sourceTree = "<group>";
		};
		29B97323FDCFA39411CA2CEA /* Frameworks */ = {
			isa = PBXGroup;
			children = (
				6D3FFD6923DE47A4BD084BC7 /* libSalesforceAnalytics.a */,
				8694FEAD4CB94522BF5ED671 /* libSalesforceSDKCore.a */,
				FC68748B27D0415595FBACFA /* libSmartStore.a */,
				08776A337F624847AC14425D /* libSmartSync.a */,
				F142AD3ECFFF4EB3BBD20E11 /* libSalesforceHybridSDK.a */,
				0E568D60902C45C288979713 /* libsqlcipher.a */,
				EF3FF2AE200B4924923A465A /* libCocoaLumberjack.a */,
				528F2A9803034EA8A2E56BAF /* libxml2.tbd */,
				A2606218F4A74226996B9E30 /* libz.tbd */,
				B097F959D3004577B3F66CB2 /* AddressBook.framework */,
				7B472886DF7B4C19B59AF15F /* AddressBookUI.framework */,
				4F14D2AC66E5452682526647 /* CoreLocation.framework */,
				BBF5D311DA6B4EBDA6EB4B7B /* Foundation.framework */,
				483D24F560234A89AC512E95 /* MessageUI.framework */,
				FAE7D1E5FEF740628F1F4E1F /* QuartzCore.framework */,
				B1106BC395F24C66B9CFF3B0 /* Security.framework */,
				333F62AEE4424752A4026D96 /* SystemConfiguration.framework */,
				CF38F0C8B8EF4CD6942B3CA9 /* UIKit.framework */,
				1A16208C17484294AF0EA789 /* ImageIO.framework */,
				5BDE065372E646218FF6138F /* WebKit.framework */,
			);
			name = Frameworks;
			sourceTree = "<group>";
		};
		301BF52E109A57CC0062928A /* Products */ = {
			isa = PBXGroup;
			children = (
				301BF535109A57CC0062928A /* libCordova.a */,
				619690E8216613AE0054DBB1 /* Cordova.framework */,
			);
			name = Products;
			sourceTree = "<group>";
		};
		3047A50E1AB8057F00498E2A /* config */ = {
			isa = PBXGroup;
			children = (
				3047A50F1AB8059700498E2A /* build-debug.xcconfig */,
				3047A5101AB8059700498E2A /* build-release.xcconfig */,
				3047A5111AB8059700498E2A /* build.xcconfig */,
			);
			name = config;
			sourceTree = "<group>";
		};
		307C750510C5A3420062BCA9 /* Plugins */ = {
			isa = PBXGroup;
			children = (
				194F09C9F3B641FAB6A763CD /* AppDelegate+SalesforceHybridSDK.m */,
				FF4E09CE4BB74B9C90A3A369 /* UIApplication+SalesforceHybridSDK.m */,
				2E295225B8284DF59BC039B2 /* InitialViewController.m */,
				F2E1DFDDC29B4044921B9931 /* SFAuthenticationManager.h */,
				9AC563619A644AB2B7B86E43 /* SalesforceSDKConstants.h */,
				7D74F71B1E0F410491987CBE /* SFCommunityData.h */,
				3303750391EF41928106DDDE /* SFSDKAppConfig.h */,
				AECCFC774AA84F7EAF4E1AC9 /* InitialViewController.h */,
				D5AFF8B6F64344A78BCB536F /* SFDefaultUserManagementViewController.h */,
				43D4B27C8E554FD7A1805DEE /* SFHybridViewConfig.h */,
				737C8D2D22604DFDB6B0D667 /* SFHybridViewController.h */,
				F820E71A55DE4683BF9AB4E5 /* SFIdentityCoordinator.h */,
				B5EDF5BBC1B4408C824EE6E6 /* SFIdentityData.h */,
				9731E51CAC674779BC18B3B9 /* SFLocalhostSubstitutionCache.h */,
				4E67FB9AFEB145E983023462 /* SFSDKLogger.h */,
				A77FB700A67D4AD1828FC748 /* SFSDKFileLogger.h */,
				39BB9B46D88C421894C91B29 /* NSNotificationCenter+SFAdditions.h */,
				22B3AC9858564259A4E05E55 /* SFOAuthCoordinator.h */,
				8FF6E5EC338F466CA9D23CF0 /* SFOAuthCredentials.h */,
				87D88507683E4C1D9F41EAF2 /* SFOAuthInfo.h */,
				90FE4EBFAF914D1FB94B709C /* SFPushNotificationManager.h */,
				C5D05A0655AE4AAAB05299BC /* SFUserAccount.h */,
				91A73E5814D6412E8BD6EA83 /* SFUserAccountConstants.h */,
				0FAB0E3E277345A7A3B4306C /* SFUserAccountManager.h */,
				D15A67A1FE984F63BE983E98 /* SFUserAccountIdentity.h */,
				131B6245D9AE4C6794536360 /* SalesforceSDKManager.h */,
				E71C13A389A44948BE3F3E20 /* SmartStoreSDKManager.h */,
				68C02FE1101040189A0D977C /* SalesforceHybridSDKManager.h */,
				11C0F36B525C4417AA045563 /* SmartSyncSDKManager.h */,
				F9AB81F105BF4BE2A5397E81 /* SFSDKLoginViewControllerConfig.h */,
				D29E015546BD4A5A88CD8D06 /* SFAuthErrorHandler.h */,
				8D4B83FA2C9B450F97E02A33 /* SFAuthErrorHandlerList.h */,
				28BF1C6B74D742388B9BD19E /* SalesforceSDKCoreDefines.h */,
				E1736988AD234425B4EC79A9 /* SFLoginViewController.h */,
				81BF7A9C8BD94608A925E0E2 /* SFSDKLoginHostDelegate.h */,
				DC7A124367944E31B9EE1AD2 /* SFSDKLoginHost.h */,
				C4BE352D0EB44AA48C79A8A1 /* SFSDKLoginHostListViewController.h */,
				363861DEE9044DF2A5168A78 /* SFSDKLoginHostStorage.h */,
				8A989A873B3A4A33A45E6F58 /* AppDelegate+SalesforceHybridSDK.h */,
				1E7620AE1EDB489BA86C6372 /* UIApplication+SalesforceHybridSDK.h */,
				60E5EE8E1B7F4FF7A709C97A /* DDLog.h */,
				C951E1765EE3488EB4109727 /* DDFileLogger.h */,
				9D3AFD172A5142698E0E341F /* DDLegacyMacros.h */,
				493A6680281E40C5B739852C /* CDVDevice.m */,
				52A47E4EF718437F98C66953 /* CDVDevice.h */,
				151F6040C8E940D5966569D7 /* CDVIonicKeyboard.m */,
				F8485E5675BD4E3CA73D25EF /* CDVIonicKeyboard.h */,
				331B453382804E71B48F24C6 /* CDVSplashScreen.m */,
				4A039CE52E5F4AB4988BAFEE /* CDVViewController+SplashScreen.m */,
				E6D6BECA68EB4A5290E6F158 /* CDVSplashScreen.h */,
				E66A5B1252B94029BEE44177 /* CDVViewController+SplashScreen.h */,
				65E680C4CDCA4714A1622D24 /* CDVStatusBar.m */,
				6011F65B8CB24CA38B85DE1B /* CDVStatusBar.h */,
				9C6023F623C849B9B4DAF3D2 /* CDVWKWebViewEngine.m */,
				B2D7289B33BA4B1088B0A411 /* CDVWKWebViewUIDelegate.m */,
				ED183A4627E34086AF422136 /* CDVWKProcessPoolFactory.m */,
				BE78DDC51A94480393256646 /* CDVWKWebViewEngine.h */,
				E16217CB7CE547CBA40BE03B /* CDVWKWebViewUIDelegate.h */,
				657EC3AC34934C46825B6FD3 /* CDVWKProcessPoolFactory.h */,
				ED3202C1F68C4684AF391765 /* AppDelegate+notification.m */,
				A3ED0EB02D62416DBB8CE3AC /* PushPlugin.m */,
				AF77C887ABAF4AE0B3B29DBB /* AppDelegate+notification.h */,
				038EC84F0AAF427A910EF66C /* PushPlugin.h */,
			);
			name = Plugins;
			path = com.apoc.mobile/Plugins;
			sourceTree = SOURCE_ROOT;
		};
		EB87FDF11871DA420020F90C /* Staging */ = {
			isa = PBXGroup;
			children = (
				F840E1F0165FE0F500CFE078 /* config.xml */,
				301BF56E109A69640062928A /* www */,
			);
			name = Staging;
			sourceTree = "<group>";
		};
/* End PBXGroup section */

/* Begin PBXNativeTarget section */
		1D6058900D05DD3D006BFB54 /* com.apoc.mobile */ = {
			isa = PBXNativeTarget;
			buildConfigurationList = 1D6058960D05DD3E006BFB54 /* Build configuration list for PBXNativeTarget "com.apoc.mobile" */;
			buildPhases = (
				304B58A110DAC018002A0835 /* Copy www directory */,
				1D60588D0D05DD3D006BFB54 /* Resources */,
				1D60588E0D05DD3D006BFB54 /* Sources */,
				1D60588F0D05DD3D006BFB54 /* Frameworks */,
			);
			buildRules = (
			);
			dependencies = (
				301BF551109A68C00062928A /* PBXTargetDependency */,
			);
			name = com.apoc.mobile;
			productName = com.apoc.mobile;
			productReference = 1D6058910D05DD3D006BFB54 /* com.apoc.mobile.app */;
			productType = "com.apple.product-type.application";
		};
/* End PBXNativeTarget section */

/* Begin PBXProject section */
		29B97313FDCFA39411CA2CEA /* Project object */ = {
			isa = PBXProject;
			attributes = {
				LastUpgradeCheck = 510;
				TargetAttributes = {
					1D6058900D05DD3D006BFB54 = {
						DevelopmentTeam = KGZD8BJGRQ;
						ProvisioningStyle = Manual;
						SystemCapabilities = {
							com.apple.AccessWiFi = {
								enabled = 0;
							};
							com.apple.BackgroundModes = {
								enabled = 0;
							};
							com.apple.Push = {
								enabled = 0;
							};
						};
					};
				};
			};
			buildConfigurationList = C01FCF4E08A954540054247B /* Build configuration list for PBXProject "com.apoc.mobile" */;
			compatibilityVersion = "Xcode 3.2";
			developmentRegion = English;
			hasScannedForEncodings = 1;
			knownRegions = (
				en,
			);
			mainGroup = 29B97314FDCFA39411CA2CEA /* CustomTemplate */;
			projectDirPath = "";
			projectReferences = (
				{
					ProductGroup = 301BF52E109A57CC0062928A /* Products */;
					ProjectRef = 301BF52D109A57CC0062928A /* CordovaLib.xcodeproj */;
				},
			);
			projectRoot = "";
			targets = (
				1D6058900D05DD3D006BFB54 /* com.apoc.mobile */,
			);
		};
/* End PBXProject section */

/* Begin PBXReferenceProxy section */
		301BF535109A57CC0062928A /* libCordova.a */ = {
			isa = PBXReferenceProxy;
			fileType = archive.ar;
			path = libCordova.a;
			remoteRef = 301BF534109A57CC0062928A /* PBXContainerItemProxy */;
			sourceTree = BUILT_PRODUCTS_DIR;
		};
		619690E8216613AE0054DBB1 /* Cordova.framework */ = {
			isa = PBXReferenceProxy;
			fileType = wrapper.framework;
			path = Cordova.framework;
			remoteRef = 619690E7216613AE0054DBB1 /* PBXContainerItemProxy */;
			sourceTree = BUILT_PRODUCTS_DIR;
		};
/* End PBXReferenceProxy section */

/* Begin PBXResourcesBuildPhase section */
		1D60588D0D05DD3D006BFB54 /* Resources */ = {
			isa = PBXResourcesBuildPhase;
			buildActionMask = 2147483647;
			files = (
				302D95F214D2391D003F00A1 /* MainViewController.xib in Resources */,
				6AFF5BF91D6E424B00AB3073 /* CDVLaunchScreen.storyboard in Resources */,
				5E8F0B7730854F079896E8B5 /* SalesforceSDKResources.bundle in Resources */,
				EAE464CC31284D14A09F6424 /* Images.xcassets in Resources */,
				178D127040D04944B33652DF /* SalesforceSDKAssets.xcassets in Resources */,
			);
			runOnlyForDeploymentPostprocessing = 0;
		};
/* End PBXResourcesBuildPhase section */

/* Begin PBXShellScriptBuildPhase section */
		304B58A110DAC018002A0835 /* Copy www directory */ = {
			isa = PBXShellScriptBuildPhase;
			buildActionMask = 2147483647;
			files = (
			);
			inputPaths = (
			);
			name = "Copy www directory";
			outputPaths = (
			);
			runOnlyForDeploymentPostprocessing = 0;
			shellPath = /bin/sh;
			shellScript = "NODEJS_PATH=/usr/local/bin; NVM_NODE_PATH=~/.nvm/versions/node/`nvm version 2>/dev/null`/bin; N_NODE_PATH=`find /usr/local/n/versions/node/* -maxdepth 0 -type d 2>/dev/null | tail -1`/bin; XCODE_NODE_PATH=`xcode-select --print-path`/usr/share/xcs/Node/bin; PATH=$NODEJS_PATH:$NVM_NODE_PATH:$N_NODE_PATH:$XCODE_NODE_PATH:$PATH && node cordova/lib/copy-www-build-step.js";
			showEnvVarsInLog = 0;
		};
/* End PBXShellScriptBuildPhase section */

/* Begin PBXSourcesBuildPhase section */
		1D60588E0D05DD3D006BFB54 /* Sources */ = {
			isa = PBXSourcesBuildPhase;
			buildActionMask = 2147483647;
			files = (
				1D60589B0D05DD56006BFB54 /* main.m in Sources */,
				1D3623260D0F684500981E51 /* AppDelegate.m in Sources */,
				302D95F114D2391D003F00A1 /* MainViewController.m in Sources */,
				53F3389E7AFD45D29BC2C13B /* AppDelegate+SalesforceHybridSDK.m in Sources */,
				695F23F5FEC74E42A4C740AC /* UIApplication+SalesforceHybridSDK.m in Sources */,
				13B5DA8A580B4E2CB16185ED /* InitialViewController.m in Sources */,
				FA1D0BCC536149E4AC8C2415 /* CDVDevice.m in Sources */,
				6AA014D40C464709BDB5FB77 /* CDVIonicKeyboard.m in Sources */,
				1321997A849D4CB68F64E20F /* CDVSplashScreen.m in Sources */,
				F98775D4BBAB4F7BAB8AE645 /* CDVViewController+SplashScreen.m in Sources */,
				E38083DC752842BFBA955DB4 /* CDVStatusBar.m in Sources */,
				DE244478FF7A4A028548EC51 /* CDVWKWebViewEngine.m in Sources */,
				09FF055D6E3D496B87060A40 /* CDVWKWebViewUIDelegate.m in Sources */,
				BCBA606893C944339B0460AE /* CDVWKProcessPoolFactory.m in Sources */,
				29CAA9AEAE8B43219E29290B /* AppDelegate+notification.m in Sources */,
				2B6868F2469D43BBBE2C5391 /* PushPlugin.m in Sources */,
			);
			runOnlyForDeploymentPostprocessing = 0;
		};
/* End PBXSourcesBuildPhase section */

/* Begin PBXTargetDependency section */
		301BF551109A68C00062928A /* PBXTargetDependency */ = {
			isa = PBXTargetDependency;
			name = CordovaLib;
			targetProxy = 301BF550109A68C00062928A /* PBXContainerItemProxy */;
		};
/* End PBXTargetDependency section */

/* Begin XCBuildConfiguration section */
		1D6058940D05DD3E006BFB54 /* Debug */ = {
			isa = XCBuildConfiguration;
			baseConfigurationReference = 3047A50F1AB8059700498E2A /* build-debug.xcconfig */;
			buildSettings = {
				ALWAYS_SEARCH_USER_PATHS = NO;
				ASSETCATALOG_COMPILER_APPICON_NAME = AppIcon;
				ASSETCATALOG_COMPILER_LAUNCHIMAGE_NAME = LaunchImage;
				CLANG_ENABLE_MODULES = YES;
				CLANG_ENABLE_OBJC_ARC = YES;
				CODE_SIGN_STYLE = Manual;
				COPY_PHASE_STRIP = NO;
				DEVELOPMENT_TEAM = KGZD8BJGRQ;
				GCC_DYNAMIC_NO_PIC = NO;
				GCC_OPTIMIZATION_LEVEL = 0;
				GCC_PRECOMPILE_PREFIX_HEADER = YES;
				GCC_PREFIX_HEADER = "com.apoc.mobile/com.apoc.mobile-Prefix.pch";
				GCC_THUMB_SUPPORT = NO;
				GCC_VERSION = "";
				INFOPLIST_FILE = "com.apoc.mobile/com.apoc.mobile-Info.plist";
				IPHONEOS_DEPLOYMENT_TARGET = 10.0;
				LD_RUNPATH_SEARCH_PATHS = "@executable_path/Frameworks";
				LIBRARY_SEARCH_PATHS = (
					"$(inherited)",
					"\"$(SRCROOT)/com.apoc.mobile/Plugins/com.salesforce\"",
					"\"$(SRCROOT)/com.apoc.mobile/Plugins/com.salesforce\"",
					"\"$(SRCROOT)/com.apoc.mobile/Plugins/com.salesforce\"",
					"\"$(SRCROOT)/com.apoc.mobile/Plugins/com.salesforce\"",
					"\"$(SRCROOT)/com.apoc.mobile/Plugins/com.salesforce\"",
					"\"$(SRCROOT)/com.apoc.mobile/Plugins/com.salesforce\"",
					"\"$(SRCROOT)/com.apoc.mobile/Plugins/com.salesforce\"",
				);
				PRODUCT_BUNDLE_IDENTIFIER = com.apoc.mobile;
				PRODUCT_NAME = com.apoc.mobile;
				PROVISIONING_PROFILE_SPECIFIER = "APOC Mobile Dev";
				TARGETED_DEVICE_FAMILY = "1,2";
			};
			name = Debug;
		};
		1D6058950D05DD3E006BFB54 /* Release */ = {
			isa = XCBuildConfiguration;
			baseConfigurationReference = 3047A5101AB8059700498E2A /* build-release.xcconfig */;
			buildSettings = {
				ALWAYS_SEARCH_USER_PATHS = NO;
				ASSETCATALOG_COMPILER_APPICON_NAME = AppIcon;
				ASSETCATALOG_COMPILER_LAUNCHIMAGE_NAME = LaunchImage;
				CLANG_ENABLE_MODULES = YES;
				CLANG_ENABLE_OBJC_ARC = YES;
				CODE_SIGN_IDENTITY = "iPhone Developer";
				CODE_SIGN_STYLE = Manual;
				COPY_PHASE_STRIP = YES;
				DEVELOPMENT_TEAM = KGZD8BJGRQ;
				GCC_PRECOMPILE_PREFIX_HEADER = YES;
				GCC_PREFIX_HEADER = "com.apoc.mobile/com.apoc.mobile-Prefix.pch";
				GCC_THUMB_SUPPORT = NO;
				GCC_VERSION = "";
				INFOPLIST_FILE = "com.apoc.mobile/com.apoc.mobile-Info.plist";
				IPHONEOS_DEPLOYMENT_TARGET = 10.0;
				LD_RUNPATH_SEARCH_PATHS = "@executable_path/Frameworks";
				LIBRARY_SEARCH_PATHS = (
					"$(inherited)",
					"\"$(SRCROOT)/com.apoc.mobile/Plugins/com.salesforce\"",
					"\"$(SRCROOT)/com.apoc.mobile/Plugins/com.salesforce\"",
					"\"$(SRCROOT)/com.apoc.mobile/Plugins/com.salesforce\"",
					"\"$(SRCROOT)/com.apoc.mobile/Plugins/com.salesforce\"",
					"\"$(SRCROOT)/com.apoc.mobile/Plugins/com.salesforce\"",
					"\"$(SRCROOT)/com.apoc.mobile/Plugins/com.salesforce\"",
					"\"$(SRCROOT)/com.apoc.mobile/Plugins/com.salesforce\"",
				);
				PRODUCT_BUNDLE_IDENTIFIER = com.apoc.mobile;
				PRODUCT_NAME = com.apoc.mobile;
				PROVISIONING_PROFILE_SPECIFIER = "APOC Mobile Dev";
				TARGETED_DEVICE_FAMILY = "1,2";
			};
			name = Release;
		};
		C01FCF4F08A954540054247B /* Debug */ = {
			isa = XCBuildConfiguration;
			baseConfigurationReference = 3047A5111AB8059700498E2A /* build.xcconfig */;
			buildSettings = {
				CLANG_ENABLE_MODULES = YES;
				CLANG_ENABLE_OBJC_ARC = YES;
				CLANG_WARN_BOOL_CONVERSION = YES;
				CLANG_WARN_CONSTANT_CONVERSION = YES;
				CLANG_WARN_EMPTY_BODY = YES;
				CLANG_WARN_ENUM_CONVERSION = YES;
				CLANG_WARN_INT_CONVERSION = YES;
				CLANG_WARN__DUPLICATE_METHOD_MATCH = YES;
				GCC_C_LANGUAGE_STANDARD = c99;
				GCC_THUMB_SUPPORT = NO;
				GCC_VERSION = "";
				GCC_WARN_ABOUT_RETURN_TYPE = YES;
				GCC_WARN_UNDECLARED_SELECTOR = YES;
				GCC_WARN_UNINITIALIZED_AUTOS = YES;
				GCC_WARN_UNUSED_FUNCTION = YES;
				GCC_WARN_UNUSED_VARIABLE = YES;
				IPHONEOS_DEPLOYMENT_TARGET = 10.0;
				ONLY_ACTIVE_ARCH = YES;
				SDKROOT = iphoneos;
				SKIP_INSTALL = NO;
			};
			name = Debug;
		};
		C01FCF5008A954540054247B /* Release */ = {
			isa = XCBuildConfiguration;
			baseConfigurationReference = 3047A5111AB8059700498E2A /* build.xcconfig */;
			buildSettings = {
				CLANG_ENABLE_MODULES = YES;
				CLANG_ENABLE_OBJC_ARC = YES;
				CLANG_WARN_BOOL_CONVERSION = YES;
				CLANG_WARN_CONSTANT_CONVERSION = YES;
				CLANG_WARN_EMPTY_BODY = YES;
				CLANG_WARN_ENUM_CONVERSION = YES;
				CLANG_WARN_INT_CONVERSION = YES;
				CLANG_WARN__DUPLICATE_METHOD_MATCH = YES;
				GCC_C_LANGUAGE_STANDARD = c99;
				GCC_THUMB_SUPPORT = NO;
				GCC_VERSION = "";
				GCC_WARN_ABOUT_RETURN_TYPE = YES;
				GCC_WARN_UNDECLARED_SELECTOR = YES;
				GCC_WARN_UNINITIALIZED_AUTOS = YES;
				GCC_WARN_UNUSED_FUNCTION = YES;
				GCC_WARN_UNUSED_VARIABLE = YES;
				IPHONEOS_DEPLOYMENT_TARGET = 10.0;
				SDKROOT = iphoneos;
				SKIP_INSTALL = NO;
			};
			name = Release;
		};
/* End XCBuildConfiguration section */

/* Begin XCConfigurationList section */
		1D6058960D05DD3E006BFB54 /* Build configuration list for PBXNativeTarget "com.apoc.mobile" */ = {
			isa = XCConfigurationList;
			buildConfigurations = (
				1D6058940D05DD3E006BFB54 /* Debug */,
				1D6058950D05DD3E006BFB54 /* Release */,
			);
			defaultConfigurationIsVisible = 0;
			defaultConfigurationName = Release;
		};
		C01FCF4E08A954540054247B /* Build configuration list for PBXProject "com.apoc.mobile" */ = {
			isa = XCConfigurationList;
			buildConfigurations = (
				C01FCF4F08A954540054247B /* Debug */,
				C01FCF5008A954540054247B /* Release */,
			);
			defaultConfigurationIsVisible = 0;
			defaultConfigurationName = Release;
		};
/* End XCConfigurationList section */
	};
	rootObject = 29B97313FDCFA39411CA2CEA /* Project object */;
}
